
Microsoft Visual Studio Solution File, Format Version 12.00
# Visual Studio Version 17
VisualStudioVersion = 17.7.34018.315
MinimumVisualStudioVersion = 10.0.40219.1
Project("{FAE04EC0-301F-11D3-BF4B-00C04F79EFBC}") = "cai_grupo1", "cai_grupo1.csproj", "{AE701159-7FF0-4265-9216-991A0F30C42B}"
EndProject
Global
	GlobalSection(SolutionConfigurationPlatforms) = preSolution
		Debug|Any CPU = Debug|Any CPU
		Release|Any CPU = Release|Any CPU
	EndGlobalSection
	GlobalSection(ProjectConfigurationPlatforms) = postSolution
		{AE701159-7FF0-4265-9216-991A0F30C42B}.Debug|Any CPU.ActiveCfg = Debug|Any CPU
		{AE701159-7FF0-4265-9216-991A0F30C42B}.Debug|Any CPU.Build.0 = Debug|Any CPU
		{AE701159-7FF0-4265-9216-991A0F30C42B}.Release|Any CPU.ActiveCfg = Release|Any CPU
		{AE701159-7FF0-4265-9216-991A0F30C42B}.Release|Any CPU.Build.0 = Release|Any CPU
	EndGlobalSection
	GlobalSection(SolutionProperties) = preSolution
		HideSolutionNode = FALSE
	EndGlobalSection
	GlobalSection(ExtensibilityGlobals) = postSolution
		SolutionGuid = {D6211833-B392-42E4-A708-CB0B3C838AC6}
	EndGlobalSection
EndGlobal
